
Microsoft Visual Studio Solution File, Format Version 12.00
# Visual Studio Version 16
VisualStudioVersion = 16.0.29201.188
MinimumVisualStudioVersion = 10.0.40219.1
Project("{FAE04EC0-301F-11D3-BF4B-00C04F79EFBC}") = "AzureApplicationTest", "AzureApplicationTest\AzureApplicationTest.csproj", "{E6175CE1-80D3-46D3-8FFF-7E16AF02A440}"
EndProject
Global
	GlobalSection(SolutionConfigurationPlatforms) = preSolution
		Debug|Any CPU = Debug|Any CPU
		Release|Any CPU = Release|Any CPU
	EndGlobalSection
	GlobalSection(ProjectConfigurationPlatforms) = postSolution
		{E6175CE1-80D3-46D3-8FFF-7E16AF02A440}.Debug|Any CPU.ActiveCfg = Debug|Any CPU
		{E6175CE1-80D3-46D3-8FFF-7E16AF02A440}.Debug|Any CPU.Build.0 = Debug|Any CPU
		{E6175CE1-80D3-46D3-8FFF-7E16AF02A440}.Release|Any CPU.ActiveCfg = Release|Any CPU
		{E6175CE1-80D3-46D3-8FFF-7E16AF02A440}.Release|Any CPU.Build.0 = Release|Any CPU
	EndGlobalSection
	GlobalSection(SolutionProperties) = preSolution
		HideSolutionNode = FALSE
	EndGlobalSection
	GlobalSection(ExtensibilityGlobals) = postSolution
		SolutionGuid = {36DB3CFA-E650-4DE0-ABE2-C6B1A774EED1}
	EndGlobalSection
EndGlobal
